
Microsoft Visual Studio Solution File, Format Version 12.00
# Visual Studio Version 17
VisualStudioVersion = 17.5.33424.131
MinimumVisualStudioVersion = 10.0.40219.1
Project("{FAE04EC0-301F-11D3-BF4B-00C04F79EFBC}") = "AzureBlobStorage.WebApi", "AzureBlobStorage.WebApi\AzureBlobStorage.WebApi.csproj", "{06C315D2-B823-4B73-A03D-BC1A4EB33620}"
EndProject
Global
	GlobalSection(SolutionConfigurationPlatforms) = preSolution
		Debug|Any CPU = Debug|Any CPU
		Release|Any CPU = Release|Any CPU
	EndGlobalSection
	GlobalSection(ProjectConfigurationPlatforms) = postSolution
		{06C315D2-B823-4B73-A03D-BC1A4EB33620}.Debug|Any CPU.ActiveCfg = Debug|Any CPU
		{06C315D2-B823-4B73-A03D-BC1A4EB33620}.Debug|Any CPU.Build.0 = Debug|Any CPU
		{06C315D2-B823-4B73-A03D-BC1A4EB33620}.Release|Any CPU.ActiveCfg = Release|Any CPU
		{06C315D2-B823-4B73-A03D-BC1A4EB33620}.Release|Any CPU.Build.0 = Release|Any CPU
	EndGlobalSection
	GlobalSection(SolutionProperties) = preSolution
		HideSolutionNode = FALSE
	EndGlobalSection
	GlobalSection(ExtensibilityGlobals) = postSolution
		SolutionGuid = {2066892A-A5B7-43D9-9EA1-7C954DAB7D88}
	EndGlobalSection
EndGlobal
